
Microsoft Visual Studio Solution File, Format Version 12.00
# Visual Studio Version 17
VisualStudioVersion = 17.8.34525.116
MinimumVisualStudioVersion = 10.0.40219.1
Project("{FAE04EC0-301F-11D3-BF4B-00C04F79EFBC}") = "CineMagic", "CineMagic.csproj", "{9BB989EB-EA1A-435A-9B36-FBEF76DBE435}"
EndProject
Project("{9A19103F-16F7-4668-BE54-9A1E7A4F7556}") = "CineMagicAPI", "..\WebAPI\CineMagicAPI\CineMagicAPI.csproj", "{3F60534C-4FAE-42AB-9BFD-D3713A575482}"
EndProject
Global
	GlobalSection(SolutionConfigurationPlatforms) = preSolution
		Debug|Any CPU = Debug|Any CPU
		Release|Any CPU = Release|Any CPU
	EndGlobalSection
	GlobalSection(ProjectConfigurationPlatforms) = postSolution
		{9BB989EB-EA1A-435A-9B36-FBEF76DBE435}.Debug|Any CPU.ActiveCfg = Debug|Any CPU
		{9BB989EB-EA1A-435A-9B36-FBEF76DBE435}.Debug|Any CPU.Build.0 = Debug|Any CPU
		{9BB989EB-EA1A-435A-9B36-FBEF76DBE435}.Release|Any CPU.ActiveCfg = Release|Any CPU
		{9BB989EB-EA1A-435A-9B36-FBEF76DBE435}.Release|Any CPU.Build.0 = Release|Any CPU
		{3F60534C-4FAE-42AB-9BFD-D3713A575482}.Debug|Any CPU.ActiveCfg = Debug|Any CPU
		{3F60534C-4FAE-42AB-9BFD-D3713A575482}.Debug|Any CPU.Build.0 = Debug|Any CPU
		{3F60534C-4FAE-42AB-9BFD-D3713A575482}.Release|Any CPU.ActiveCfg = Release|Any CPU
		{3F60534C-4FAE-42AB-9BFD-D3713A575482}.Release|Any CPU.Build.0 = Release|Any CPU
	EndGlobalSection
	GlobalSection(SolutionProperties) = preSolution
		HideSolutionNode = FALSE
	EndGlobalSection
	GlobalSection(ExtensibilityGlobals) = postSolution
		SolutionGuid = {7E3947E1-8CC6-4E2F-BB99-CB94C730F60E}
	EndGlobalSection
EndGlobal
